{
  "name": "cpp-zstd",
  "lockfileVersion": 3,
  "requires": true,
  "packages": {
    "": {
      "hasInstallScript": true,
      "dependencies": {
        "chai": "^4.5.0",
        "node-addon-api": "^8.1.0"
      },
      "devDependencies": {
        "@mongodb-js/zstd": "^1.2.0"
      }
    },
    "node_modules/@mongodb-js/zstd": {
      "version": "1.2.0",
      "resolved": "https://registry.npmjs.org/@mongodb-js/zstd/-/zstd-1.2.0.tgz",
      "integrity": "sha512-sKHsJU2MXsp822IFXOHw/4mpFulScNHpZzVy1Zi5k5wBsdiAPx1QramyOXZkpacla+2QPEC/s7TxPlEhG/HuNQ==",
      "dev": true,
      "engines": {
        "node": ">= 10"
      },
      "optionalDependencies": {
        "@mongodb-js/zstd-darwin-arm64": "1.2.0",
        "@mongodb-js/zstd-darwin-x64": "1.2.0",
        "@mongodb-js/zstd-linux-arm64-gnu": "1.2.0",
        "@mongodb-js/zstd-linux-arm64-musl": "1.2.0",
        "@mongodb-js/zstd-linux-x64-gnu": "1.2.0",
        "@mongodb-js/zstd-linux-x64-musl": "1.2.0",
        "@mongodb-js/zstd-win32-x64-msvc": "1.2.0"
      }
    },
    "node_modules/@mongodb-js/zstd-darwin-arm64": {
      "version": "1.2.0",
      "resolved": "https://registry.npmjs.org/@mongodb-js/zstd-darwin-arm64/-/zstd-darwin-arm64-1.2.0.tgz",
      "integrity": "sha512-QWgW6IkWp3ErBXOvlOj9lw3lwMfey7eXh/p/Srb/7sEiu1e0yEO+LQ8IctmDWh8bfznKXmwUC0h7LKDbYR30yw==",
      "cpu": [
        "arm64"
      ],
      "dev": true,
      "optional": true,
      "os": [
        "darwin"
      ],
      "engines": {
        "node": ">= 10"
      }
    },
    "node_modules/@mongodb-js/zstd-darwin-x64": {
      "version": "1.2.0",
      "resolved": "https://registry.npmjs.org/@mongodb-js/zstd-darwin-x64/-/zstd-darwin-x64-1.2.0.tgz",
      "integrity": "sha512-VnxYO8P2SWubdnydGId5+6veO6Ki6nxCr/pTaDZd8s4Urn6bDdXSX6YsZ0r42dO3Fa0FVYzrlcVAuNB67e2b6w==",
      "cpu": [
        "x64"
      ],
      "dev": true,
      "optional": true,
      "os": [
        "darwin"
      ],
      "engines": {
        "node": ">= 10"
      }
    },
    "node_modules/@mongodb-js/zstd-linux-arm64-gnu": {
      "version": "1.2.0",
      "resolved": "https://registry.npmjs.org/@mongodb-js/zstd-linux-arm64-gnu/-/zstd-linux-arm64-gnu-1.2.0.tgz",
      "integrity": "sha512-TYF0XgNJW6UrvtY2u4Uuo5HiVWNgWNZ/ae2BhVp8hNsDhwFqb/YNoyiZqBei6whUwr8hecMy0UaHAXm3h+O2+Q==",
      "cpu": [
        "arm64"
      ],
      "dev": true,
      "optional": true,
      "os": [
        "linux"
      ],
      "engines": {
        "node": ">= 10"
      }
    },
    "node_modules/@mongodb-js/zstd-linux-arm64-musl": {
      "version": "1.2.0",
      "resolved": "https://registry.npmjs.org/@mongodb-js/zstd-linux-arm64-musl/-/zstd-linux-arm64-musl-1.2.0.tgz",
      "integrity": "sha512-e2ClmJI1BvJq23VSLH14hgjjjcMOad3R/Ap7Q7dTa1uiVSJG4xKd2CmrWQgX1Az4/EfUMWEI7pb4yuanbdd2AQ==",
      "cpu": [
        "arm64"
      ],
      "dev": true,
      "optional": true,
      "os": [
        "linux"
      ],
      "engines": {
        "node": ">= 10"
      }
    },
    "node_modules/@mongodb-js/zstd-linux-x64-gnu": {
      "version": "1.2.0",
      "resolved": "https://registry.npmjs.org/@mongodb-js/zstd-linux-x64-gnu/-/zstd-linux-x64-gnu-1.2.0.tgz",
      "integrity": "sha512-JuoK8lxUlkFPDBfsBUJKnLxpXA5ar+v7G43lIUlBKgjOp5aEWO/qQp5sNgCRnYA7x6PItYqIkEJjsays4N6JOA==",
      "cpu": [
        "x64"
      ],
      "dev": true,
      "optional": true,
      "os": [
        "linux"
      ],
      "engines": {
        "node": ">= 10"
      }
    },
    "node_modules/@mongodb-js/zstd-linux-x64-musl": {
      "version": "1.2.0",
      "resolved": "https://registry.npmjs.org/@mongodb-js/zstd-linux-x64-musl/-/zstd-linux-x64-musl-1.2.0.tgz",
      "integrity": "sha512-pSb1iUF3Gc/qrJuP/Mi5ry4YFAUdUVFKNRZh1KTDDhSWyRCLd9gKcNdRnXqJjIdeGGEKf4bhtZAbYw4i/g0foA==",
      "cpu": [
        "x64"
      ],
      "dev": true,
      "optional": true,
      "os": [
        "linux"
      ],
      "engines": {
        "node": ">= 10"
      }
    },
    "node_modules/@mongodb-js/zstd-win32-x64-msvc": {
      "version": "1.2.0",
      "resolved": "https://registry.npmjs.org/@mongodb-js/zstd-win32-x64-msvc/-/zstd-win32-x64-msvc-1.2.0.tgz",
      "integrity": "sha512-iz4Yl+WK3yr/4Yg6F4tKz3X9+yMZDK6pyBMA0CdXydSDZs6o2XQ2I0ZSu3oSk/ACfaZX3SNfRi3XTGgAM1eKZA==",
      "cpu": [
        "x64"
      ],
      "dev": true,
      "optional": true,
      "os": [
        "win32"
      ],
      "engines": {
        "node": ">= 10"
      }
    },
    "node_modules/assertion-error": {
      "version": "1.1.0",
      "resolved": "https://registry.npmjs.org/assertion-error/-/assertion-error-1.1.0.tgz",
      "integrity": "sha512-jgsaNduz+ndvGyFt3uSuWqvy4lCnIJiovtouQN5JZHOKCS2QuhEdbcQHFhVksz2N2U9hXJo8odG7ETyWlEeuDw==",
      "engines": {
        "node": "*"
      }
    },
    "node_modules/chai": {
      "version": "4.5.0",
      "resolved": "https://registry.npmjs.org/chai/-/chai-4.5.0.tgz",
      "integrity": "sha512-RITGBfijLkBddZvnn8jdqoTypxvqbOLYQkGGxXzeFjVHvudaPw0HNFD9x928/eUwYWd2dPCugVqspGALTZZQKw==",
      "dependencies": {
        "assertion-error": "^1.1.0",
        "check-error": "^1.0.3",
        "deep-eql": "^4.1.3",
        "get-func-name": "^2.0.2",
        "loupe": "^2.3.6",
        "pathval": "^1.1.1",
        "type-detect": "^4.1.0"
      },
      "engines": {
        "node": ">=4"
      }
    },
    "node_modules/check-error": {
      "version": "1.0.3",
      "resolved": "https://registry.npmjs.org/check-error/-/check-error-1.0.3.tgz",
      "integrity": "sha512-iKEoDYaRmd1mxM90a2OEfWhjsjPpYPuQ+lMYsoxB126+t8fw7ySEO48nmDg5COTjxDI65/Y2OWpeEHk3ZOe8zg==",
      "dependencies": {
        "get-func-name": "^2.0.2"
      },
      "engines": {
        "node": "*"
      }
    },
    "node_modules/deep-eql": {
      "version": "4.1.4",
      "resolved": "https://registry.npmjs.org/deep-eql/-/deep-eql-4.1.4.tgz",
      "integrity": "sha512-SUwdGfqdKOwxCPeVYjwSyRpJ7Z+fhpwIAtmCUdZIWZ/YP5R9WAsyuSgpLVDi9bjWoN2LXHNss/dk3urXtdQxGg==",
      "dependencies": {
        "type-detect": "^4.0.0"
      },
      "engines": {
        "node": ">=6"
      }
    },
    "node_modules/get-func-name": {
      "version": "2.0.2",
      "resolved": "https://registry.npmjs.org/get-func-name/-/get-func-name-2.0.2.tgz",
      "integrity": "sha512-8vXOvuE167CtIc3OyItco7N/dpRtBbYOsPsXCz7X/PMnlGjYjSGuZJgM1Y7mmew7BKf9BqvLX2tnOVy1BBUsxQ==",
      "engines": {
        "node": "*"
      }
    },
    "node_modules/loupe": {
      "version": "2.3.7",
      "resolved": "https://registry.npmjs.org/loupe/-/loupe-2.3.7.tgz",
      "integrity": "sha512-zSMINGVYkdpYSOBmLi0D1Uo7JU9nVdQKrHxC8eYlV+9YKK9WePqAlL7lSlorG/U2Fw1w0hTBmaa/jrQ3UbPHtA==",
      "dependencies": {
        "get-func-name": "^2.0.1"
      }
    },
    "node_modules/node-addon-api": {
      "version": "8.1.0",
      "resolved": "https://registry.npmjs.org/node-addon-api/-/node-addon-api-8.1.0.tgz",
      "integrity": "sha512-yBY+qqWSv3dWKGODD6OGE6GnTX7Q2r+4+DfpqxHSHh8x0B4EKP9+wVGLS6U/AM1vxSNNmUEuIV5EGhYwPpfOwQ==",
      "engines": {
        "node": "^18 || ^20 || >= 21"
      }
    },
    "node_modules/pathval": {
      "version": "1.1.1",
      "resolved": "https://registry.npmjs.org/pathval/-/pathval-1.1.1.tgz",
      "integrity": "sha512-Dp6zGqpTdETdR63lehJYPeIOqpiNBNtc7BpWSLrOje7UaIsE5aY92r/AunQA7rsXvet3lrJ3JnZX29UPTKXyKQ==",
      "engines": {
        "node": "*"
      }
    },
    "node_modules/type-detect": {
      "version": "4.1.0",
      "resolved": "https://registry.npmjs.org/type-detect/-/type-detect-4.1.0.tgz",
      "integrity": "sha512-Acylog8/luQ8L7il+geoSxhEkazvkslg7PSNKOX59mbB9cOveP5aq9h74Y7YU8yDpJwetzQQrfIwtf4Wp4LKcw==",
      "engines": {
        "node": ">=4"
      }
    }
  }
}
